<?xml version="1.0" encoding="utf-8"?>
<Project ToolsVersion="4.0" xmlns="http://schemas.microsoft.com/developer/msbuild/2003">
  <ItemGroup>
    <Filter Include="소스 파일">
      <UniqueIdentifier>{4FC737F1-C7A5-4376-A066-2A32D752A2FF}</UniqueIdentifier>
      <Extensions>cpp;c;cc;cxx;c++;cppm;ixx;def;odl;idl;hpj;bat;asm;asmx</Extensions>
    </Filter>
    <Filter Include="헤더 파일">
      <UniqueIdentifier>{93995380-89BD-4b04-88EB-625FBE52EBFB}</UniqueIdentifier>
      <Extensions>h;hh;hpp;hxx;h++;hm;inl;inc;ipp;xsd</Extensions>
    </Filter>
    <Filter Include="리소스 파일">
      <UniqueIdentifier>{67DA6AB6-F800-4c08-8B7A-83BB121AAD01}</UniqueIdentifier>
      <Extensions>rc;ico;cur;bmp;dlg;rc2;rct;bin;rgs;gif;jpg;jpeg;jpe;resx;tiff;tif;png;wav;mfcribbon-ms</Extensions>
    </Filter>
    <Filter Include="헤더 파일\Shader">
      <UniqueIdentifier>{393335f6-2564-4a8a-ac5d-87900127892c}</UniqueIdentifier>
    </Filter>
    <Filter Include="소스 파일\Cube">
      <UniqueIdentifier>{cc14d2d0-8d8f-47d5-8d5a-8f59fcf5d256}</UniqueIdentifier>
    </Filter>
    <Filter Include="헤더 파일\Cube">
      <UniqueIdentifier>{2a28d1ca-19ec-41ed-9cce-bf2897769b47}</UniqueIdentifier>
    </Filter>
  </ItemGroup>
  <ItemGroup>
    <ClCompile Include="Main.cpp">
      <Filter>소스 파일</Filter>
    </ClCompile>
    <ClCompile Include="Cube\Cube.cpp">
      <Filter>소스 파일\Cube</Filter>
    </ClCompile>
    <ClCompile Include="Light\RotatingPointLight.cpp">
      <Filter>소스 파일</Filter>
    </ClCompile>
    <ClCompile Include="Cube\BaseCube.cpp">
      <Filter>소스 파일\Cube</Filter>
    </ClCompile>
    <ClCompile Include="Cube\RotatingCube.cpp">
      <Filter>소스 파일\Cube</Filter>
    </ClCompile>
  </ItemGroup>
  <ItemGroup>
    <ClInclude Include="Cube\Cube.h">
      <Filter>헤더 파일\Cube</Filter>
    </ClInclude>
    <ClInclude Include="Shaders\Shaders2.fxh">
      <Filter>헤더 파일\Shader</Filter>
    </ClInclude>
    <ClInclude Include="Light\RotatingPointLight.h">
      <Filter>헤더 파일</Filter>
    </ClInclude>
    <ClInclude Include="Cube\BaseCube.h">
      <Filter>헤더 파일\Cube</Filter>
    </ClInclude>
    <ClInclude Include="Cube\RotatingCube.h">
      <Filter>헤더 파일\Cube</Filter>
    </ClInclude>
  </ItemGroup>
  <ItemGroup>
    <FxCompile Include="Shaders\PS.hlsl">
      <Filter>헤더 파일\Shader</Filter>
    </FxCompile>
    <FxCompile Include="Shaders\VS.hlsl">
      <Filter>헤더 파일\Shader</Filter>
    </FxCompile>
    <FxCompile Include="Shaders\CubeMap_PS.hlsl">
      <Filter>헤더 파일\Shader</Filter>
    </FxCompile>
    <FxCompile Include="Shaders\CubeMap_VS.hlsl">
      <Filter>헤더 파일\Shader</Filter>
    </FxCompile>
    <FxCompile Include="Shaders\EnvironmentShader_PS.hlsl">
      <Filter>헤더 파일\Shader</Filter>
    </FxCompile>
    <FxCompile Include="Shaders\EnvironmentShader_VS.hlsl">
      <Filter>헤더 파일\Shader</Filter>
    </FxCompile>
  </ItemGroup>
  <ItemGroup>
    <None Include="Shaders\Shaders.fxh">
      <Filter>헤더 파일\Shader</Filter>
    </None>
    <None Include="Shaders\PhongShaders.fxh">
      <Filter>헤더 파일\Shader</Filter>
    </None>
    <None Include="Shaders\VoxelShaders.fxh">
      <Filter>헤더 파일\Shader</Filter>
    </None>
    <None Include="Shaders\SkinningShaders.fxh">
      <Filter>헤더 파일\Shader</Filter>
    </None>
    <None Include="Shaders\ShadowShaders.fxh">
      <Filter>헤더 파일\Shader</Filter>
    </None>
    <None Include="Shaders\CubeMap.fxh">
      <Filter>헤더 파일\Shader</Filter>
    </None>
    <None Include="Shaders\EnvironmentShader.fxh">
      <Filter>헤더 파일\Shader</Filter>
    </None>
  </ItemGroup>
  <ItemGroup>
    <Text Include="HeightMap.txt">
      <Filter>리소스 파일</Filter>
    </Text>
  </ItemGroup>
</Project>